// !$*UTF8*$!
{
	archiveVersion = 1;
	classes = {
	};
	objectVersion = 55;
	objects = {

/* Begin PBXBuildFile section */
		383AA76B283822550039DB16 /* Photos.swift in Sources */ = {isa = PBXBuildFile; fileRef = 383AA76A283822550039DB16 /* Photos.swift */; };
		383AA76D283824790039DB16 /* Assets.xcassets in Resources */ = {isa = PBXBuildFile; fileRef = 383AA76C283824790039DB16 /* Assets.xcassets */; };
		383AA76F283825E10039DB16 /* PhotosTableViewCell.swift in Sources */ = {isa = PBXBuildFile; fileRef = 383AA76E283825E10039DB16 /* PhotosTableViewCell.swift */; };
		386AEB46283034F300E62C3E /* LogInViewController.swift in Sources */ = {isa = PBXBuildFile; fileRef = 386AEB45283034F300E62C3E /* LogInViewController.swift */; };
		3871A0E228214F6800A669EA /* AppDelegate.swift in Sources */ = {isa = PBXBuildFile; fileRef = 3871A0E128214F6800A669EA /* AppDelegate.swift */; };
		3871A0EE28214F6B00A669EA /* LaunchScreen.storyboard in Resources */ = {isa = PBXBuildFile; fileRef = 3871A0EC28214F6B00A669EA /* LaunchScreen.storyboard */; };
		3871A0F62821535D00A669EA /* NewTabBarController.swift in Sources */ = {isa = PBXBuildFile; fileRef = 3871A0F52821535D00A669EA /* NewTabBarController.swift */; };
		3871A0F82821AD1B00A669EA /* FeedViewController.swift in Sources */ = {isa = PBXBuildFile; fileRef = 3871A0F72821AD1B00A669EA /* FeedViewController.swift */; };
		3871A0FA2821AD4400A669EA /* ProfileViewController.swift in Sources */ = {isa = PBXBuildFile; fileRef = 3871A0F92821AD4400A669EA /* ProfileViewController.swift */; };
		3871A0FC2821B40500A669EA /* PostViewController.swift in Sources */ = {isa = PBXBuildFile; fileRef = 3871A0FB2821B40500A669EA /* PostViewController.swift */; };
		388A05802822F8DA00D45057 /* Post.swift in Sources */ = {isa = PBXBuildFile; fileRef = 388A057F2822F8D900D45057 /* Post.swift */; };
		388A05822822FF2900D45057 /* InfoViewController.swift in Sources */ = {isa = PBXBuildFile; fileRef = 388A05812822FF2900D45057 /* InfoViewController.swift */; };
		38C62A5428246CB1002679C6 /* SceneDelegate.swift in Sources */ = {isa = PBXBuildFile; fileRef = 38C62A5328246CB0002679C6 /* SceneDelegate.swift */; };
		38E36CD42832D44D006B852F /* ProfileTableHederView.swift in Sources */ = {isa = PBXBuildFile; fileRef = 38E36CD32832D44C006B852F /* ProfileTableHederView.swift */; };
		38E36CD62832E7DC006B852F /* CustomPostTableViewCell.swift in Sources */ = {isa = PBXBuildFile; fileRef = 38E36CD52832E7DC006B852F /* CustomPostTableViewCell.swift */; };
		38F6AA5E284152FC00EB3B63 /* DetailedPostViewController.swift in Sources */ = {isa = PBXBuildFile; fileRef = 38F6AA5D284152FC00EB3B63 /* DetailedPostViewController.swift */; };
		38F6AA6028415A3100EB3B63 /* ColorSet.swift in Sources */ = {isa = PBXBuildFile; fileRef = 38F6AA5F28415A3100EB3B63 /* ColorSet.swift */; };
		38F95EA92832F111002C9595 /* UIView+Extension.swift in Sources */ = {isa = PBXBuildFile; fileRef = 38F95EA82832F111002C9595 /* UIView+Extension.swift */; };
		38F9DEF82825AE5E0054E298 /* ProfileHeaderView.swift in Sources */ = {isa = PBXBuildFile; fileRef = 38F9DEF72825AE5E0054E298 /* ProfileHeaderView.swift */; };
		38FD3CB828384FF200406845 /* PhotosViewController.swift in Sources */ = {isa = PBXBuildFile; fileRef = 38FD3CB728384FF200406845 /* PhotosViewController.swift */; };
		38FD3CBA2838587400406845 /* PhotosCollectionViewCell.swift in Sources */ = {isa = PBXBuildFile; fileRef = 38FD3CB92838587400406845 /* PhotosCollectionViewCell.swift */; };
/* End PBXBuildFile section */

/* Begin PBXFileReference section */
		383AA76A283822550039DB16 /* Photos.swift */ = {isa = PBXFileReference; lastKnownFileType = sourcecode.swift; path = Photos.swift; sourceTree = "<group>"; };
		383AA76C283824790039DB16 /* Assets.xcassets */ = {isa = PBXFileReference; lastKnownFileType = folder.assetcatalog; path = Assets.xcassets; sourceTree = "<group>"; };
		383AA76E283825E10039DB16 /* PhotosTableViewCell.swift */ = {isa = PBXFileReference; lastKnownFileType = sourcecode.swift; path = PhotosTableViewCell.swift; sourceTree = "<group>"; };
		386AEB45283034F300E62C3E /* LogInViewController.swift */ = {isa = PBXFileReference; lastKnownFileType = sourcecode.swift; path = LogInViewController.swift; sourceTree = "<group>"; };
		3871A0DE28214F6800A669EA /* Navigation.app */ = {isa = PBXFileReference; explicitFileType = wrapper.application; includeInIndex = 0; path = Navigation.app; sourceTree = BUILT_PRODUCTS_DIR; };
		3871A0E128214F6800A669EA /* AppDelegate.swift */ = {isa = PBXFileReference; lastKnownFileType = sourcecode.swift; path = AppDelegate.swift; sourceTree = "<group>"; };
		3871A0ED28214F6B00A669EA /* Base */ = {isa = PBXFileReference; lastKnownFileType = file.storyboard; name = Base; path = Base.lproj/LaunchScreen.storyboard; sourceTree = "<group>"; };
		3871A0EF28214F6B00A669EA /* Info.plist */ = {isa = PBXFileReference; lastKnownFileType = text.plist.xml; path = Info.plist; sourceTree = "<group>"; };
		3871A0F52821535D00A669EA /* NewTabBarController.swift */ = {isa = PBXFileReference; lastKnownFileType = sourcecode.swift; path = NewTabBarController.swift; sourceTree = "<group>"; };
		3871A0F72821AD1B00A669EA /* FeedViewController.swift */ = {isa = PBXFileReference; lastKnownFileType = sourcecode.swift; path = FeedViewController.swift; sourceTree = "<group>"; };
		3871A0F92821AD4400A669EA /* ProfileViewController.swift */ = {isa = PBXFileReference; lastKnownFileType = sourcecode.swift; path = ProfileViewController.swift; sourceTree = "<group>"; };
		3871A0FB2821B40500A669EA /* PostViewController.swift */ = {isa = PBXFileReference; lastKnownFileType = sourcecode.swift; path = PostViewController.swift; sourceTree = "<group>"; };
		388A057F2822F8D900D45057 /* Post.swift */ = {isa = PBXFileReference; lastKnownFileType = sourcecode.swift; path = Post.swift; sourceTree = "<group>"; };
		388A05812822FF2900D45057 /* InfoViewController.swift */ = {isa = PBXFileReference; lastKnownFileType = sourcecode.swift; path = InfoViewController.swift; sourceTree = "<group>"; };
		38C62A5328246CB0002679C6 /* SceneDelegate.swift */ = {isa = PBXFileReference; fileEncoding = 4; lastKnownFileType = sourcecode.swift; path = SceneDelegate.swift; sourceTree = "<group>"; };
		38E36CD32832D44C006B852F /* ProfileTableHederView.swift */ = {isa = PBXFileReference; lastKnownFileType = sourcecode.swift; path = ProfileTableHederView.swift; sourceTree = "<group>"; };
		38E36CD52832E7DC006B852F /* CustomPostTableViewCell.swift */ = {isa = PBXFileReference; lastKnownFileType = sourcecode.swift; path = CustomPostTableViewCell.swift; sourceTree = "<group>"; };
		38F6AA5D284152FC00EB3B63 /* DetailedPostViewController.swift */ = {isa = PBXFileReference; lastKnownFileType = sourcecode.swift; path = DetailedPostViewController.swift; sourceTree = "<group>"; };
		38F6AA5F28415A3100EB3B63 /* ColorSet.swift */ = {isa = PBXFileReference; lastKnownFileType = sourcecode.swift; path = ColorSet.swift; sourceTree = "<group>"; };
		38F95EA82832F111002C9595 /* UIView+Extension.swift */ = {isa = PBXFileReference; lastKnownFileType = sourcecode.swift; path = "UIView+Extension.swift"; sourceTree = "<group>"; };
		38F9DEF72825AE5E0054E298 /* ProfileHeaderView.swift */ = {isa = PBXFileReference; lastKnownFileType = sourcecode.swift; path = ProfileHeaderView.swift; sourceTree = "<group>"; };
		38FD3CB728384FF200406845 /* PhotosViewController.swift */ = {isa = PBXFileReference; lastKnownFileType = sourcecode.swift; path = PhotosViewController.swift; sourceTree = "<group>"; };
		38FD3CB92838587400406845 /* PhotosCollectionViewCell.swift */ = {isa = PBXFileReference; lastKnownFileType = sourcecode.swift; path = PhotosCollectionViewCell.swift; sourceTree = "<group>"; };
/* End PBXFileReference section */

/* Begin PBXFrameworksBuildPhase section */
		3871A0DB28214F6800A669EA /* Frameworks */ = {
			isa = PBXFrameworksBuildPhase;
			buildActionMask = 2147483647;
			files = (
			);
			runOnlyForDeploymentPostprocessing = 0;
		};
/* End PBXFrameworksBuildPhase section */

/* Begin PBXGroup section */
		383AA768283821A90039DB16 /* Cell */ = {
			isa = PBXGroup;
			children = (
				38E36CD52832E7DC006B852F /* CustomPostTableViewCell.swift */,
				38F6AA5D284152FC00EB3B63 /* DetailedPostViewController.swift */,
				383AA76E283825E10039DB16 /* PhotosTableViewCell.swift */,
				38FD3CB92838587400406845 /* PhotosCollectionViewCell.swift */,
			);
			path = Cell;
			sourceTree = "<group>";
		};
		383AA769283822280039DB16 /* Model */ = {
			isa = PBXGroup;
			children = (
				388A057F2822F8D900D45057 /* Post.swift */,
				383AA76A283822550039DB16 /* Photos.swift */,
				38F6AA5F28415A3100EB3B63 /* ColorSet.swift */,
			);
			path = Model;
			sourceTree = "<group>";
		};
		3871A0D528214F6800A669EA = {
			isa = PBXGroup;
			children = (
				3871A0E028214F6800A669EA /* Navigation */,
				3871A0DF28214F6800A669EA /* Products */,
			);
			sourceTree = "<group>";
		};
		3871A0DF28214F6800A669EA /* Products */ = {
			isa = PBXGroup;
			children = (
				3871A0DE28214F6800A669EA /* Navigation.app */,
			);
			name = Products;
			sourceTree = "<group>";
		};
		3871A0E028214F6800A669EA /* Navigation */ = {
			isa = PBXGroup;
			children = (
				383AA769283822280039DB16 /* Model */,
				383AA768283821A90039DB16 /* Cell */,
				38F9DEF62825AE300054E298 /* Profile */,
				3871A0E128214F6800A669EA /* AppDelegate.swift */,
				38C62A5328246CB0002679C6 /* SceneDelegate.swift */,
				3871A0F52821535D00A669EA /* NewTabBarController.swift */,
				38FD3CB728384FF200406845 /* PhotosViewController.swift */,
				3871A0F72821AD1B00A669EA /* FeedViewController.swift */,
				3871A0FB2821B40500A669EA /* PostViewController.swift */,
				388A05812822FF2900D45057 /* InfoViewController.swift */,
				383AA76C283824790039DB16 /* Assets.xcassets */,
				3871A0EC28214F6B00A669EA /* LaunchScreen.storyboard */,
				3871A0EF28214F6B00A669EA /* Info.plist */,
			);
			path = Navigation;
			sourceTree = "<group>";
		};
		38F9DEF62825AE300054E298 /* Profile */ = {
			isa = PBXGroup;
			children = (
				3871A0F92821AD4400A669EA /* ProfileViewController.swift */,
				38F9DEF72825AE5E0054E298 /* ProfileHeaderView.swift */,
				386AEB45283034F300E62C3E /* LogInViewController.swift */,
				38E36CD32832D44C006B852F /* ProfileTableHederView.swift */,
				38F95EA82832F111002C9595 /* UIView+Extension.swift */,
			);
			path = Profile;
			sourceTree = "<group>";
		};
/* End PBXGroup section */

/* Begin PBXNativeTarget section */
		3871A0DD28214F6800A669EA /* Navigation */ = {
			isa = PBXNativeTarget;
			buildConfigurationList = 3871A0F228214F6B00A669EA /* Build configuration list for PBXNativeTarget "Navigation" */;
			buildPhases = (
				3871A0DA28214F6800A669EA /* Sources */,
				3871A0DB28214F6800A669EA /* Frameworks */,
				3871A0DC28214F6800A669EA /* Resources */,
			);
			buildRules = (
			);
			dependencies = (
			);
			name = Navigation;
			productName = Navigation;
			productReference = 3871A0DE28214F6800A669EA /* Navigation.app */;
			productType = "com.apple.product-type.application";
		};
/* End PBXNativeTarget section */

/* Begin PBXProject section */
		3871A0D628214F6800A669EA /* Project object */ = {
			isa = PBXProject;
			attributes = {
				BuildIndependentTargetsInParallel = 1;
				LastSwiftUpdateCheck = 1330;
				LastUpgradeCheck = 1330;
				TargetAttributes = {
					3871A0DD28214F6800A669EA = {
						CreatedOnToolsVersion = 13.3.1;
					};
				};
			};
			buildConfigurationList = 3871A0D928214F6800A669EA /* Build configuration list for PBXProject "Navigation" */;
			compatibilityVersion = "Xcode 13.0";
			developmentRegion = en;
			hasScannedForEncodings = 0;
			knownRegions = (
				en,
				Base,
			);
			mainGroup = 3871A0D528214F6800A669EA;
			productRefGroup = 3871A0DF28214F6800A669EA /* Products */;
			projectDirPath = "";
			projectRoot = "";
			targets = (
				3871A0DD28214F6800A669EA /* Navigation */,
			);
		};
/* End PBXProject section */

/* Begin PBXResourcesBuildPhase section */
		3871A0DC28214F6800A669EA /* Resources */ = {
			isa = PBXResourcesBuildPhase;
			buildActionMask = 2147483647;
			files = (
				383AA76D283824790039DB16 /* Assets.xcassets in Resources */,
				3871A0EE28214F6B00A669EA /* LaunchScreen.storyboard in Resources */,
			);
			runOnlyForDeploymentPostprocessing = 0;
		};
/* End PBXResourcesBuildPhase section */

/* Begin PBXSourcesBuildPhase section */
		3871A0DA28214F6800A669EA /* Sources */ = {
			isa = PBXSourcesBuildPhase;
			buildActionMask = 2147483647;
			files = (
				3871A0FC2821B40500A669EA /* PostViewController.swift in Sources */,
				38FD3CB828384FF200406845 /* PhotosViewController.swift in Sources */,
				38C62A5428246CB1002679C6 /* SceneDelegate.swift in Sources */,
				386AEB46283034F300E62C3E /* LogInViewController.swift in Sources */,
				38F6AA6028415A3100EB3B63 /* ColorSet.swift in Sources */,
				383AA76B283822550039DB16 /* Photos.swift in Sources */,
				383AA76F283825E10039DB16 /* PhotosTableViewCell.swift in Sources */,
				3871A0F62821535D00A669EA /* NewTabBarController.swift in Sources */,
				38F6AA5E284152FC00EB3B63 /* DetailedPostViewController.swift in Sources */,
				3871A0FA2821AD4400A669EA /* ProfileViewController.swift in Sources */,
				3871A0F82821AD1B00A669EA /* FeedViewController.swift in Sources */,
				38E36CD62832E7DC006B852F /* CustomPostTableViewCell.swift in Sources */,
				38FD3CBA2838587400406845 /* PhotosCollectionViewCell.swift in Sources */,
				38F95EA92832F111002C9595 /* UIView+Extension.swift in Sources */,
				388A05802822F8DA00D45057 /* Post.swift in Sources */,
				38F9DEF82825AE5E0054E298 /* ProfileHeaderView.swift in Sources */,
				388A05822822FF2900D45057 /* InfoViewController.swift in Sources */,
				38E36CD42832D44D006B852F /* ProfileTableHederView.swift in Sources */,
				3871A0E228214F6800A669EA /* AppDelegate.swift in Sources */,
			);
			runOnlyForDeploymentPostprocessing = 0;
		};
/* End PBXSourcesBuildPhase section */

/* Begin PBXVariantGroup section */
		3871A0EC28214F6B00A669EA /* LaunchScreen.storyboard */ = {
			isa = PBXVariantGroup;
			children = (
				3871A0ED28214F6B00A669EA /* Base */,
			);
			name = LaunchScreen.storyboard;
			sourceTree = "<group>";
		};
/* End PBXVariantGroup section */

/* Begin XCBuildConfiguration section */
		3871A0F028214F6B00A669EA /* Debug */ = {
			isa = XCBuildConfiguration;
			buildSettings = {
				ALWAYS_SEARCH_USER_PATHS = NO;
				CLANG_ANALYZER_NONNULL = YES;
				CLANG_ANALYZER_NUMBER_OBJECT_CONVERSION = YES_AGGRESSIVE;
				CLANG_CXX_LANGUAGE_STANDARD = "gnu++17";
				CLANG_ENABLE_MODULES = YES;
				CLANG_ENABLE_OBJC_ARC = YES;
				CLANG_ENABLE_OBJC_WEAK = YES;
				CLANG_WARN_BLOCK_CAPTURE_AUTORELEASING = YES;
				CLANG_WARN_BOOL_CONVERSION = YES;
				CLANG_WARN_COMMA = YES;
				CLANG_WARN_CONSTANT_CONVERSION = YES;
				CLANG_WARN_DEPRECATED_OBJC_IMPLEMENTATIONS = YES;
				CLANG_WARN_DIRECT_OBJC_ISA_USAGE = YES_ERROR;
				CLANG_WARN_DOCUMENTATION_COMMENTS = YES;
				CLANG_WARN_EMPTY_BODY = YES;
				CLANG_WARN_ENUM_CONVERSION = YES;
				CLANG_WARN_INFINITE_RECURSION = YES;
				CLANG_WARN_INT_CONVERSION = YES;
				CLANG_WARN_NON_LITERAL_NULL_CONVERSION = YES;
				CLANG_WARN_OBJC_IMPLICIT_RETAIN_SELF = YES;
				CLANG_WARN_OBJC_LITERAL_CONVERSION = YES;
				CLANG_WARN_OBJC_ROOT_CLASS = YES_ERROR;
				CLANG_WARN_QUOTED_INCLUDE_IN_FRAMEWORK_HEADER = YES;
				CLANG_WARN_RANGE_LOOP_ANALYSIS = YES;
				CLANG_WARN_STRICT_PROTOTYPES = YES;
				CLANG_WARN_SUSPICIOUS_MOVE = YES;
				CLANG_WARN_UNGUARDED_AVAILABILITY = YES_AGGRESSIVE;
				CLANG_WARN_UNREACHABLE_CODE = YES;
				CLANG_WARN__DUPLICATE_METHOD_MATCH = YES;
				COPY_PHASE_STRIP = NO;
				DEBUG_INFORMATION_FORMAT = dwarf;
				ENABLE_STRICT_OBJC_MSGSEND = YES;
				ENABLE_TESTABILITY = YES;
				GCC_C_LANGUAGE_STANDARD = gnu11;
				GCC_DYNAMIC_NO_PIC = NO;
				GCC_NO_COMMON_BLOCKS = YES;
				GCC_OPTIMIZATION_LEVEL = 0;
				GCC_PREPROCESSOR_DEFINITIONS = (
					"DEBUG=1",
					"$(inherited)",
				);
				GCC_WARN_64_TO_32_BIT_CONVERSION = YES;
				GCC_WARN_ABOUT_RETURN_TYPE = YES_ERROR;
				GCC_WARN_UNDECLARED_SELECTOR = YES;
				GCC_WARN_UNINITIALIZED_AUTOS = YES_AGGRESSIVE;
				GCC_WARN_UNUSED_FUNCTION = YES;
				GCC_WARN_UNUSED_VARIABLE = YES;
				IPHONEOS_DEPLOYMENT_TARGET = 15.4;
				MTL_ENABLE_DEBUG_INFO = INCLUDE_SOURCE;
				MTL_FAST_MATH = YES;
				ONLY_ACTIVE_ARCH = YES;
				SDKROOT = iphoneos;
				SWIFT_ACTIVE_COMPILATION_CONDITIONS = DEBUG;
				SWIFT_OPTIMIZATION_LEVEL = "-Onone";
			};
			name = Debug;
		};
		3871A0F128214F6B00A669EA /* Release */ = {
			isa = XCBuildConfiguration;
			buildSettings = {
				ALWAYS_SEARCH_USER_PATHS = NO;
				CLANG_ANALYZER_NONNULL = YES;
				CLANG_ANALYZER_NUMBER_OBJECT_CONVERSION = YES_AGGRESSIVE;
				CLANG_CXX_LANGUAGE_STANDARD = "gnu++17";
				CLANG_ENABLE_MODULES = YES;
				CLANG_ENABLE_OBJC_ARC = YES;
				CLANG_ENABLE_OBJC_WEAK = YES;
				CLANG_WARN_BLOCK_CAPTURE_AUTORELEASING = YES;
				CLANG_WARN_BOOL_CONVERSION = YES;
				CLANG_WARN_COMMA = YES;
				CLANG_WARN_CONSTANT_CONVERSION = YES;
				CLANG_WARN_DEPRECATED_OBJC_IMPLEMENTATIONS = YES;
				CLANG_WARN_DIRECT_OBJC_ISA_USAGE = YES_ERROR;
				CLANG_WARN_DOCUMENTATION_COMMENTS = YES;
				CLANG_WARN_EMPTY_BODY = YES;
				CLANG_WARN_ENUM_CONVERSION = YES;
				CLANG_WARN_INFINITE_RECURSION = YES;
				CLANG_WARN_INT_CONVERSION = YES;
				CLANG_WARN_NON_LITERAL_NULL_CONVERSION = YES;
				CLANG_WARN_OBJC_IMPLICIT_RETAIN_SELF = YES;
				CLANG_WARN_OBJC_LITERAL_CONVERSION = YES;
				CLANG_WARN_OBJC_ROOT_CLASS = YES_ERROR;
				CLANG_WARN_QUOTED_INCLUDE_IN_FRAMEWORK_HEADER = YES;
				CLANG_WARN_RANGE_LOOP_ANALYSIS = YES;
				CLANG_WARN_STRICT_PROTOTYPES = YES;
				CLANG_WARN_SUSPICIOUS_MOVE = YES;
				CLANG_WARN_UNGUARDED_AVAILABILITY = YES_AGGRESSIVE;
				CLANG_WARN_UNREACHABLE_CODE = YES;
				CLANG_WARN__DUPLICATE_METHOD_MATCH = YES;
				COPY_PHASE_STRIP = NO;
				DEBUG_INFORMATION_FORMAT = "dwarf-with-dsym";
				ENABLE_NS_ASSERTIONS = NO;
				ENABLE_STRICT_OBJC_MSGSEND = YES;
				GCC_C_LANGUAGE_STANDARD = gnu11;
				GCC_NO_COMMON_BLOCKS = YES;
				GCC_WARN_64_TO_32_BIT_CONVERSION = YES;
				GCC_WARN_ABOUT_RETURN_TYPE = YES_ERROR;
				GCC_WARN_UNDECLARED_SELECTOR = YES;
				GCC_WARN_UNINITIALIZED_AUTOS = YES_AGGRESSIVE;
				GCC_WARN_UNUSED_FUNCTION = YES;
				GCC_WARN_UNUSED_VARIABLE = YES;
				IPHONEOS_DEPLOYMENT_TARGET = 15.4;
				MTL_ENABLE_DEBUG_INFO = NO;
				MTL_FAST_MATH = YES;
				SDKROOT = iphoneos;
				SWIFT_COMPILATION_MODE = wholemodule;
				SWIFT_OPTIMIZATION_LEVEL = "-O";
				VALIDATE_PRODUCT = YES;
			};
			name = Release;
		};
		3871A0F328214F6B00A669EA /* Debug */ = {
			isa = XCBuildConfiguration;
			buildSettings = {
				ASSETCATALOG_COMPILER_APPICON_NAME = AppIcon;
				ASSETCATALOG_COMPILER_GLOBAL_ACCENT_COLOR_NAME = AccentColor;
				CODE_SIGN_STYLE = Automatic;
				CURRENT_PROJECT_VERSION = 1;
				GENERATE_INFOPLIST_FILE = YES;
				INFOPLIST_FILE = Navigation/Info.plist;
				INFOPLIST_KEY_UIApplicationSupportsIndirectInputEvents = YES;
				INFOPLIST_KEY_UILaunchStoryboardName = LaunchScreen;
				INFOPLIST_KEY_UISupportedInterfaceOrientations_iPad = "UIInterfaceOrientationPortrait UIInterfaceOrientationPortraitUpsideDown UIInterfaceOrientationLandscapeLeft UIInterfaceOrientationLandscapeRight";
				INFOPLIST_KEY_UISupportedInterfaceOrientations_iPhone = "UIInterfaceOrientationPortrait UIInterfaceOrientationLandscapeLeft UIInterfaceOrientationLandscapeRight";
				LD_RUNPATH_SEARCH_PATHS = (
					"$(inherited)",
					"@executable_path/Frameworks",
				);
				MARKETING_VERSION = 1.0;
				PRODUCT_BUNDLE_IDENTIFIER = AKA.Navigation;
				PRODUCT_NAME = "$(TARGET_NAME)";
				SWIFT_EMIT_LOC_STRINGS = YES;
				SWIFT_VERSION = 5.0;
				TARGETED_DEVICE_FAMILY = "1,2";
			};
			name = Debug;
		};
		3871A0F428214F6B00A669EA /* Release */ = {
			isa = XCBuildConfiguration;
			buildSettings = {
				ASSETCATALOG_COMPILER_APPICON_NAME = AppIcon;
				ASSETCATALOG_COMPILER_GLOBAL_ACCENT_COLOR_NAME = AccentColor;
				CODE_SIGN_STYLE = Automatic;
				CURRENT_PROJECT_VERSION = 1;
				GENERATE_INFOPLIST_FILE = YES;
				INFOPLIST_FILE = Navigation/Info.plist;
				INFOPLIST_KEY_UIApplicationSupportsIndirectInputEvents = YES;
				INFOPLIST_KEY_UILaunchStoryboardName = LaunchScreen;
				INFOPLIST_KEY_UISupportedInterfaceOrientations_iPad = "UIInterfaceOrientationPortrait UIInterfaceOrientationPortraitUpsideDown UIInterfaceOrientationLandscapeLeft UIInterfaceOrientationLandscapeRight";
				INFOPLIST_KEY_UISupportedInterfaceOrientations_iPhone = "UIInterfaceOrientationPortrait UIInterfaceOrientationLandscapeLeft UIInterfaceOrientationLandscapeRight";
				LD_RUNPATH_SEARCH_PATHS = (
					"$(inherited)",
					"@executable_path/Frameworks",
				);
				MARKETING_VERSION = 1.0;
				PRODUCT_BUNDLE_IDENTIFIER = AKA.Navigation;
				PRODUCT_NAME = "$(TARGET_NAME)";
				SWIFT_EMIT_LOC_STRINGS = YES;
				SWIFT_VERSION = 5.0;
				TARGETED_DEVICE_FAMILY = "1,2";
			};
			name = Release;
		};
/* End XCBuildConfiguration section */

/* Begin XCConfigurationList section */
		3871A0D928214F6800A669EA /* Build configuration list for PBXProject "Navigation" */ = {
			isa = XCConfigurationList;
			buildConfigurations = (
				3871A0F028214F6B00A669EA /* Debug */,
				3871A0F128214F6B00A669EA /* Release */,
			);
			defaultConfigurationIsVisible = 0;
			defaultConfigurationName = Release;
		};
		3871A0F228214F6B00A669EA /* Build configuration list for PBXNativeTarget "Navigation" */ = {
			isa = XCConfigurationList;
			buildConfigurations = (
				3871A0F328214F6B00A669EA /* Debug */,
				3871A0F428214F6B00A669EA /* Release */,
			);
			defaultConfigurationIsVisible = 0;
			defaultConfigurationName = Release;
		};
/* End XCConfigurationList section */
	};
	rootObject = 3871A0D628214F6800A669EA /* Project object */;
}
